
Microsoft Visual Studio Solution File, Format Version 12.00
# Visual Studio 15
VisualStudioVersion = 15.0.27428.2015
MinimumVisualStudioVersion = 10.0.40219.1
Project("{FAE04EC0-301F-11D3-BF4B-00C04F79EFBC}") = "LusiadasDAL", "LusiadasDAL\LusiadasDAL.csproj", "{8103ADA5-DA3F-4BF9-81A2-9A99B2B93674}"
EndProject
Project("{FAE04EC0-301F-11D3-BF4B-00C04F79EFBC}") = "Lusiadas-Solucao-Web", "Lusiadas-Solucao-Web\Lusiadas-Solucao-Web.csproj", "{94AED54D-D123-466A-A2E5-784EBFEDBE80}"
EndProject
Project("{2150E333-8FDC-42A3-9474-1A3956D46DE8}") = ".build", ".build", "{DE8BAB58-7771-49E5-968A-8FD6F08E2820}"
	ProjectSection(SolutionItems) = preProject
		Build.proj = Build.proj
		.build\MSBuild.Community.Tasks.dll = .build\MSBuild.Community.Tasks.dll
		.build\MSBuild.Community.Tasks.targets = .build\MSBuild.Community.Tasks.targets
	EndProjectSection
EndProject
Project("{FAE04EC0-301F-11D3-BF4B-00C04F79EFBC}") = "Lusiadas-Solucao-WebTests", "Lusiadas-Solucao-WebTests\Lusiadas-Solucao-WebTests.csproj", "{E1D279E2-215C-4E1F-B1F1-5B027A3E0BD7}"
EndProject
Global
	GlobalSection(SolutionConfigurationPlatforms) = preSolution
		Debug|Any CPU = Debug|Any CPU
		Debug|Mixed Platforms = Debug|Mixed Platforms
		Debug|x86 = Debug|x86
		Release|Any CPU = Release|Any CPU
		Release|Mixed Platforms = Release|Mixed Platforms
		Release|x86 = Release|x86
	EndGlobalSection
	GlobalSection(ProjectConfigurationPlatforms) = postSolution
		{8103ADA5-DA3F-4BF9-81A2-9A99B2B93674}.Debug|Any CPU.ActiveCfg = Debug|Any CPU
		{8103ADA5-DA3F-4BF9-81A2-9A99B2B93674}.Debug|Any CPU.Build.0 = Debug|Any CPU
		{8103ADA5-DA3F-4BF9-81A2-9A99B2B93674}.Debug|Mixed Platforms.ActiveCfg = Debug|Any CPU
		{8103ADA5-DA3F-4BF9-81A2-9A99B2B93674}.Debug|Mixed Platforms.Build.0 = Debug|Any CPU
		{8103ADA5-DA3F-4BF9-81A2-9A99B2B93674}.Debug|x86.ActiveCfg = Debug|Any CPU
		{8103ADA5-DA3F-4BF9-81A2-9A99B2B93674}.Release|Any CPU.ActiveCfg = Release|Any CPU
		{8103ADA5-DA3F-4BF9-81A2-9A99B2B93674}.Release|Any CPU.Build.0 = Release|Any CPU
		{8103ADA5-DA3F-4BF9-81A2-9A99B2B93674}.Release|Mixed Platforms.ActiveCfg = Release|Any CPU
		{8103ADA5-DA3F-4BF9-81A2-9A99B2B93674}.Release|Mixed Platforms.Build.0 = Release|Any CPU
		{8103ADA5-DA3F-4BF9-81A2-9A99B2B93674}.Release|x86.ActiveCfg = Release|Any CPU
		{94AED54D-D123-466A-A2E5-784EBFEDBE80}.Debug|Any CPU.ActiveCfg = Debug|Any CPU
		{94AED54D-D123-466A-A2E5-784EBFEDBE80}.Debug|Any CPU.Build.0 = Debug|Any CPU
		{94AED54D-D123-466A-A2E5-784EBFEDBE80}.Debug|Mixed Platforms.ActiveCfg = Debug|Any CPU
		{94AED54D-D123-466A-A2E5-784EBFEDBE80}.Debug|Mixed Platforms.Build.0 = Debug|Any CPU
		{94AED54D-D123-466A-A2E5-784EBFEDBE80}.Debug|x86.ActiveCfg = Debug|Any CPU
		{94AED54D-D123-466A-A2E5-784EBFEDBE80}.Release|Any CPU.ActiveCfg = Release|Any CPU
		{94AED54D-D123-466A-A2E5-784EBFEDBE80}.Release|Any CPU.Build.0 = Release|Any CPU
		{94AED54D-D123-466A-A2E5-784EBFEDBE80}.Release|Mixed Platforms.ActiveCfg = Release|Any CPU
		{94AED54D-D123-466A-A2E5-784EBFEDBE80}.Release|Mixed Platforms.Build.0 = Release|Any CPU
		{94AED54D-D123-466A-A2E5-784EBFEDBE80}.Release|x86.ActiveCfg = Release|Any CPU
		{E1D279E2-215C-4E1F-B1F1-5B027A3E0BD7}.Debug|Any CPU.ActiveCfg = Debug|Any CPU
		{E1D279E2-215C-4E1F-B1F1-5B027A3E0BD7}.Debug|Any CPU.Build.0 = Debug|Any CPU
		{E1D279E2-215C-4E1F-B1F1-5B027A3E0BD7}.Debug|Mixed Platforms.ActiveCfg = Debug|Any CPU
		{E1D279E2-215C-4E1F-B1F1-5B027A3E0BD7}.Debug|Mixed Platforms.Build.0 = Debug|Any CPU
		{E1D279E2-215C-4E1F-B1F1-5B027A3E0BD7}.Debug|x86.ActiveCfg = Debug|Any CPU
		{E1D279E2-215C-4E1F-B1F1-5B027A3E0BD7}.Debug|x86.Build.0 = Debug|Any CPU
		{E1D279E2-215C-4E1F-B1F1-5B027A3E0BD7}.Release|Any CPU.ActiveCfg = Release|Any CPU
		{E1D279E2-215C-4E1F-B1F1-5B027A3E0BD7}.Release|Any CPU.Build.0 = Release|Any CPU
		{E1D279E2-215C-4E1F-B1F1-5B027A3E0BD7}.Release|Mixed Platforms.ActiveCfg = Release|Any CPU
		{E1D279E2-215C-4E1F-B1F1-5B027A3E0BD7}.Release|Mixed Platforms.Build.0 = Release|Any CPU
		{E1D279E2-215C-4E1F-B1F1-5B027A3E0BD7}.Release|x86.ActiveCfg = Release|Any CPU
		{E1D279E2-215C-4E1F-B1F1-5B027A3E0BD7}.Release|x86.Build.0 = Release|Any CPU
	EndGlobalSection
	GlobalSection(SolutionProperties) = preSolution
		HideSolutionNode = FALSE
	EndGlobalSection
	GlobalSection(ExtensibilityGlobals) = postSolution
		SolutionGuid = {52951DD9-BA9E-404B-8434-6A6FE6EEF5A1}
	EndGlobalSection
EndGlobal
